
Microsoft Visual Studio Solution File, Format Version 12.00
# Visual Studio 15
VisualStudioVersion = 15.0.27004.2006
MinimumVisualStudioVersion = 10.0.40219.1
Project("{FAE04EC0-301F-11D3-BF4B-00C04F79EFBC}") = "RedZoneRush.Android", "RedZoneRush\RedZoneRush.Android\RedZoneRush.Android.csproj", "{8914A8E8-03E5-4647-A113-DA02A5AF538E}"
EndProject
Project("{FAE04EC0-301F-11D3-BF4B-00C04F79EFBC}") = "RedZoneRush", "RedZoneRush\RedZoneRush\RedZoneRush.csproj", "{778AE239-60C1-4FF0-9B11-7AF0572ECCC5}"
EndProject
Project("{FAE04EC0-301F-11D3-BF4B-00C04F79EFBC}") = "RedZoneRush.UWP", "RedZoneRush\RedZoneRush.UWP\RedZoneRush.UWP.csproj", "{EA98FEEB-A660-478D-BD55-998537D74603}"
EndProject
Project("{FAE04EC0-301F-11D3-BF4B-00C04F79EFBC}") = "RedZoneRush.iOS", "RedZoneRush\RedZoneRush.iOS\RedZoneRush.iOS.csproj", "{362CDBA9-F557-4AC1-BA87-9130AE878E3C}"
EndProject
Project("{E24C65DC-7377-472B-9ABA-BC803B73C61A}") = "Website", "RedZoneRush\Website\", "{ABF08638-282E-4AE7-A870-07641F91E02B}"
	ProjectSection(WebsiteProperties) = preProject
		TargetFrameworkMoniker = ".NETFramework,Version%3Dv4.6.1"
		Debug.AspNetCompiler.VirtualPath = "/localhost_63073"
		Debug.AspNetCompiler.PhysicalPath = "RedZoneRush\Website\"
		Debug.AspNetCompiler.TargetPath = "PrecompiledWeb\localhost_63073\"
		Debug.AspNetCompiler.Updateable = "true"
		Debug.AspNetCompiler.ForceOverwrite = "true"
		Debug.AspNetCompiler.FixedNames = "false"
		Debug.AspNetCompiler.Debug = "True"
		Release.AspNetCompiler.VirtualPath = "/localhost_63073"
		Release.AspNetCompiler.PhysicalPath = "RedZoneRush\Website\"
		Release.AspNetCompiler.TargetPath = "PrecompiledWeb\localhost_63073\"
		Release.AspNetCompiler.Updateable = "true"
		Release.AspNetCompiler.ForceOverwrite = "true"
		Release.AspNetCompiler.FixedNames = "false"
		Release.AspNetCompiler.Debug = "False"
		VWDPort = "63073"
		SlnRelativePath = "RedZoneRush\Website\"
		DefaultWebSiteLanguage = "Visual C#"
	EndProjectSection
EndProject
Global
	GlobalSection(SolutionConfigurationPlatforms) = preSolution
		Ad-Hoc|Any CPU = Ad-Hoc|Any CPU
		Ad-Hoc|ARM = Ad-Hoc|ARM
		Ad-Hoc|iPhone = Ad-Hoc|iPhone
		Ad-Hoc|iPhoneSimulator = Ad-Hoc|iPhoneSimulator
		Ad-Hoc|x64 = Ad-Hoc|x64
		Ad-Hoc|x86 = Ad-Hoc|x86
		AppStore|Any CPU = AppStore|Any CPU
		AppStore|ARM = AppStore|ARM
		AppStore|iPhone = AppStore|iPhone
		AppStore|iPhoneSimulator = AppStore|iPhoneSimulator
		AppStore|x64 = AppStore|x64
		AppStore|x86 = AppStore|x86
		Debug|Any CPU = Debug|Any CPU
		Debug|ARM = Debug|ARM
		Debug|iPhone = Debug|iPhone
		Debug|iPhoneSimulator = Debug|iPhoneSimulator
		Debug|x64 = Debug|x64
		Debug|x86 = Debug|x86
		Release|Any CPU = Release|Any CPU
		Release|ARM = Release|ARM
		Release|iPhone = Release|iPhone
		Release|iPhoneSimulator = Release|iPhoneSimulator
		Release|x64 = Release|x64
		Release|x86 = Release|x86
	EndGlobalSection
	GlobalSection(ProjectConfigurationPlatforms) = postSolution
		{8914A8E8-03E5-4647-A113-DA02A5AF538E}.Ad-Hoc|Any CPU.ActiveCfg = Release|Any CPU
		{8914A8E8-03E5-4647-A113-DA02A5AF538E}.Ad-Hoc|Any CPU.Build.0 = Release|Any CPU
		{8914A8E8-03E5-4647-A113-DA02A5AF538E}.Ad-Hoc|Any CPU.Deploy.0 = Release|Any CPU
		{8914A8E8-03E5-4647-A113-DA02A5AF538E}.Ad-Hoc|ARM.ActiveCfg = Release|Any CPU
		{8914A8E8-03E5-4647-A113-DA02A5AF538E}.Ad-Hoc|ARM.Build.0 = Release|Any CPU
		{8914A8E8-03E5-4647-A113-DA02A5AF538E}.Ad-Hoc|ARM.Deploy.0 = Release|Any CPU
		{8914A8E8-03E5-4647-A113-DA02A5AF538E}.Ad-Hoc|iPhone.ActiveCfg = Release|Any CPU
		{8914A8E8-03E5-4647-A113-DA02A5AF538E}.Ad-Hoc|iPhone.Build.0 = Release|Any CPU
		{8914A8E8-03E5-4647-A113-DA02A5AF538E}.Ad-Hoc|iPhone.Deploy.0 = Release|Any CPU
		{8914A8E8-03E5-4647-A113-DA02A5AF538E}.Ad-Hoc|iPhoneSimulator.ActiveCfg = Release|Any CPU
		{8914A8E8-03E5-4647-A113-DA02A5AF538E}.Ad-Hoc|iPhoneSimulator.Build.0 = Release|Any CPU
		{8914A8E8-03E5-4647-A113-DA02A5AF538E}.Ad-Hoc|iPhoneSimulator.Deploy.0 = Release|Any CPU
		{8914A8E8-03E5-4647-A113-DA02A5AF538E}.Ad-Hoc|x64.ActiveCfg = Release|Any CPU
		{8914A8E8-03E5-4647-A113-DA02A5AF538E}.Ad-Hoc|x64.Build.0 = Release|Any CPU
		{8914A8E8-03E5-4647-A113-DA02A5AF538E}.Ad-Hoc|x64.Deploy.0 = Release|Any CPU
		{8914A8E8-03E5-4647-A113-DA02A5AF538E}.Ad-Hoc|x86.ActiveCfg = Release|Any CPU
		{8914A8E8-03E5-4647-A113-DA02A5AF538E}.Ad-Hoc|x86.Build.0 = Release|Any CPU
		{8914A8E8-03E5-4647-A113-DA02A5AF538E}.Ad-Hoc|x86.Deploy.0 = Release|Any CPU
		{8914A8E8-03E5-4647-A113-DA02A5AF538E}.AppStore|Any CPU.ActiveCfg = Release|Any CPU
		{8914A8E8-03E5-4647-A113-DA02A5AF538E}.AppStore|Any CPU.Build.0 = Release|Any CPU
		{8914A8E8-03E5-4647-A113-DA02A5AF538E}.AppStore|Any CPU.Deploy.0 = Release|Any CPU
		{8914A8E8-03E5-4647-A113-DA02A5AF538E}.AppStore|ARM.ActiveCfg = Release|Any CPU
		{8914A8E8-03E5-4647-A113-DA02A5AF538E}.AppStore|ARM.Build.0 = Release|Any CPU
		{8914A8E8-03E5-4647-A113-DA02A5AF538E}.AppStore|ARM.Deploy.0 = Release|Any CPU
		{8914A8E8-03E5-4647-A113-DA02A5AF538E}.AppStore|iPhone.ActiveCfg = Release|Any CPU
		{8914A8E8-03E5-4647-A113-DA02A5AF538E}.AppStore|iPhone.Build.0 = Release|Any CPU
		{8914A8E8-03E5-4647-A113-DA02A5AF538E}.AppStore|iPhone.Deploy.0 = Release|Any CPU
		{8914A8E8-03E5-4647-A113-DA02A5AF538E}.AppStore|iPhoneSimulator.ActiveCfg = Release|Any CPU
		{8914A8E8-03E5-4647-A113-DA02A5AF538E}.AppStore|iPhoneSimulator.Build.0 = Release|Any CPU
		{8914A8E8-03E5-4647-A113-DA02A5AF538E}.AppStore|iPhoneSimulator.Deploy.0 = Release|Any CPU
		{8914A8E8-03E5-4647-A113-DA02A5AF538E}.AppStore|x64.ActiveCfg = Release|Any CPU
		{8914A8E8-03E5-4647-A113-DA02A5AF538E}.AppStore|x64.Build.0 = Release|Any CPU
		{8914A8E8-03E5-4647-A113-DA02A5AF538E}.AppStore|x64.Deploy.0 = Release|Any CPU
		{8914A8E8-03E5-4647-A113-DA02A5AF538E}.AppStore|x86.ActiveCfg = Release|Any CPU
		{8914A8E8-03E5-4647-A113-DA02A5AF538E}.AppStore|x86.Build.0 = Release|Any CPU
		{8914A8E8-03E5-4647-A113-DA02A5AF538E}.AppStore|x86.Deploy.0 = Release|Any CPU
		{8914A8E8-03E5-4647-A113-DA02A5AF538E}.Debug|Any CPU.ActiveCfg = Debug|Any CPU
		{8914A8E8-03E5-4647-A113-DA02A5AF538E}.Debug|Any CPU.Build.0 = Debug|Any CPU
		{8914A8E8-03E5-4647-A113-DA02A5AF538E}.Debug|Any CPU.Deploy.0 = Debug|Any CPU
		{8914A8E8-03E5-4647-A113-DA02A5AF538E}.Debug|ARM.ActiveCfg = Debug|Any CPU
		{8914A8E8-03E5-4647-A113-DA02A5AF538E}.Debug|ARM.Build.0 = Debug|Any CPU
		{8914A8E8-03E5-4647-A113-DA02A5AF538E}.Debug|ARM.Deploy.0 = Debug|Any CPU
		{8914A8E8-03E5-4647-A113-DA02A5AF538E}.Debug|iPhone.ActiveCfg = Debug|Any CPU
		{8914A8E8-03E5-4647-A113-DA02A5AF538E}.Debug|iPhone.Build.0 = Debug|Any CPU
		{8914A8E8-03E5-4647-A113-DA02A5AF538E}.Debug|iPhone.Deploy.0 = Debug|Any CPU
		{8914A8E8-03E5-4647-A113-DA02A5AF538E}.Debug|iPhoneSimulator.ActiveCfg = Debug|Any CPU
		{8914A8E8-03E5-4647-A113-DA02A5AF538E}.Debug|iPhoneSimulator.Build.0 = Debug|Any CPU
		{8914A8E8-03E5-4647-A113-DA02A5AF538E}.Debug|iPhoneSimulator.Deploy.0 = Debug|Any CPU
		{8914A8E8-03E5-4647-A113-DA02A5AF538E}.Debug|x64.ActiveCfg = Debug|Any CPU
		{8914A8E8-03E5-4647-A113-DA02A5AF538E}.Debug|x64.Build.0 = Debug|Any CPU
		{8914A8E8-03E5-4647-A113-DA02A5AF538E}.Debug|x64.Deploy.0 = Debug|Any CPU
		{8914A8E8-03E5-4647-A113-DA02A5AF538E}.Debug|x86.ActiveCfg = Debug|Any CPU
		{8914A8E8-03E5-4647-A113-DA02A5AF538E}.Debug|x86.Build.0 = Debug|Any CPU
		{8914A8E8-03E5-4647-A113-DA02A5AF538E}.Debug|x86.Deploy.0 = Debug|Any CPU
		{8914A8E8-03E5-4647-A113-DA02A5AF538E}.Release|Any CPU.ActiveCfg = Release|Any CPU
		{8914A8E8-03E5-4647-A113-DA02A5AF538E}.Release|Any CPU.Build.0 = Release|Any CPU
		{8914A8E8-03E5-4647-A113-DA02A5AF538E}.Release|Any CPU.Deploy.0 = Release|Any CPU
		{8914A8E8-03E5-4647-A113-DA02A5AF538E}.Release|ARM.ActiveCfg = Release|Any CPU
		{8914A8E8-03E5-4647-A113-DA02A5AF538E}.Release|ARM.Build.0 = Release|Any CPU
		{8914A8E8-03E5-4647-A113-DA02A5AF538E}.Release|ARM.Deploy.0 = Release|Any CPU
		{8914A8E8-03E5-4647-A113-DA02A5AF538E}.Release|iPhone.ActiveCfg = Release|Any CPU
		{8914A8E8-03E5-4647-A113-DA02A5AF538E}.Release|iPhone.Build.0 = Release|Any CPU
		{8914A8E8-03E5-4647-A113-DA02A5AF538E}.Release|iPhone.Deploy.0 = Release|Any CPU
		{8914A8E8-03E5-4647-A113-DA02A5AF538E}.Release|iPhoneSimulator.ActiveCfg = Release|Any CPU
		{8914A8E8-03E5-4647-A113-DA02A5AF538E}.Release|iPhoneSimulator.Build.0 = Release|Any CPU
		{8914A8E8-03E5-4647-A113-DA02A5AF538E}.Release|iPhoneSimulator.Deploy.0 = Release|Any CPU
		{8914A8E8-03E5-4647-A113-DA02A5AF538E}.Release|x64.ActiveCfg = Release|Any CPU
		{8914A8E8-03E5-4647-A113-DA02A5AF538E}.Release|x64.Build.0 = Release|Any CPU
		{8914A8E8-03E5-4647-A113-DA02A5AF538E}.Release|x64.Deploy.0 = Release|Any CPU
		{8914A8E8-03E5-4647-A113-DA02A5AF538E}.Release|x86.ActiveCfg = Release|Any CPU
		{8914A8E8-03E5-4647-A113-DA02A5AF538E}.Release|x86.Build.0 = Release|Any CPU
		{8914A8E8-03E5-4647-A113-DA02A5AF538E}.Release|x86.Deploy.0 = Release|Any CPU
		{778AE239-60C1-4FF0-9B11-7AF0572ECCC5}.Ad-Hoc|Any CPU.ActiveCfg = Release|Any CPU
		{778AE239-60C1-4FF0-9B11-7AF0572ECCC5}.Ad-Hoc|Any CPU.Build.0 = Release|Any CPU
		{778AE239-60C1-4FF0-9B11-7AF0572ECCC5}.Ad-Hoc|ARM.ActiveCfg = Release|Any CPU
		{778AE239-60C1-4FF0-9B11-7AF0572ECCC5}.Ad-Hoc|ARM.Build.0 = Release|Any CPU
		{778AE239-60C1-4FF0-9B11-7AF0572ECCC5}.Ad-Hoc|iPhone.ActiveCfg = Release|Any CPU
		{778AE239-60C1-4FF0-9B11-7AF0572ECCC5}.Ad-Hoc|iPhone.Build.0 = Release|Any CPU
		{778AE239-60C1-4FF0-9B11-7AF0572ECCC5}.Ad-Hoc|iPhoneSimulator.ActiveCfg = Release|Any CPU
		{778AE239-60C1-4FF0-9B11-7AF0572ECCC5}.Ad-Hoc|iPhoneSimulator.Build.0 = Release|Any CPU
		{778AE239-60C1-4FF0-9B11-7AF0572ECCC5}.Ad-Hoc|x64.ActiveCfg = Release|Any CPU
		{778AE239-60C1-4FF0-9B11-7AF0572ECCC5}.Ad-Hoc|x64.Build.0 = Release|Any CPU
		{778AE239-60C1-4FF0-9B11-7AF0572ECCC5}.Ad-Hoc|x86.ActiveCfg = Release|Any CPU
		{778AE239-60C1-4FF0-9B11-7AF0572ECCC5}.Ad-Hoc|x86.Build.0 = Release|Any CPU
		{778AE239-60C1-4FF0-9B11-7AF0572ECCC5}.AppStore|Any CPU.ActiveCfg = Release|Any CPU
		{778AE239-60C1-4FF0-9B11-7AF0572ECCC5}.AppStore|Any CPU.Build.0 = Release|Any CPU
		{778AE239-60C1-4FF0-9B11-7AF0572ECCC5}.AppStore|ARM.ActiveCfg = Release|Any CPU
		{778AE239-60C1-4FF0-9B11-7AF0572ECCC5}.AppStore|ARM.Build.0 = Release|Any CPU
		{778AE239-60C1-4FF0-9B11-7AF0572ECCC5}.AppStore|iPhone.ActiveCfg = Release|Any CPU
		{778AE239-60C1-4FF0-9B11-7AF0572ECCC5}.AppStore|iPhone.Build.0 = Release|Any CPU
		{778AE239-60C1-4FF0-9B11-7AF0572ECCC5}.AppStore|iPhoneSimulator.ActiveCfg = Release|Any CPU
		{778AE239-60C1-4FF0-9B11-7AF0572ECCC5}.AppStore|iPhoneSimulator.Build.0 = Release|Any CPU
		{778AE239-60C1-4FF0-9B11-7AF0572ECCC5}.AppStore|x64.ActiveCfg = Release|Any CPU
		{778AE239-60C1-4FF0-9B11-7AF0572ECCC5}.AppStore|x64.Build.0 = Release|Any CPU
		{778AE239-60C1-4FF0-9B11-7AF0572ECCC5}.AppStore|x86.ActiveCfg = Release|Any CPU
		{778AE239-60C1-4FF0-9B11-7AF0572ECCC5}.AppStore|x86.Build.0 = Release|Any CPU
		{778AE239-60C1-4FF0-9B11-7AF0572ECCC5}.Debug|Any CPU.ActiveCfg = Debug|Any CPU
		{778AE239-60C1-4FF0-9B11-7AF0572ECCC5}.Debug|Any CPU.Build.0 = Debug|Any CPU
		{778AE239-60C1-4FF0-9B11-7AF0572ECCC5}.Debug|ARM.ActiveCfg = Debug|Any CPU
		{778AE239-60C1-4FF0-9B11-7AF0572ECCC5}.Debug|ARM.Build.0 = Debug|Any CPU
		{778AE239-60C1-4FF0-9B11-7AF0572ECCC5}.Debug|iPhone.ActiveCfg = Debug|Any CPU
		{778AE239-60C1-4FF0-9B11-7AF0572ECCC5}.Debug|iPhone.Build.0 = Debug|Any CPU
		{778AE239-60C1-4FF0-9B11-7AF0572ECCC5}.Debug|iPhoneSimulator.ActiveCfg = Debug|Any CPU
		{778AE239-60C1-4FF0-9B11-7AF0572ECCC5}.Debug|iPhoneSimulator.Build.0 = Debug|Any CPU
		{778AE239-60C1-4FF0-9B11-7AF0572ECCC5}.Debug|x64.ActiveCfg = Debug|Any CPU
		{778AE239-60C1-4FF0-9B11-7AF0572ECCC5}.Debug|x64.Build.0 = Debug|Any CPU
		{778AE239-60C1-4FF0-9B11-7AF0572ECCC5}.Debug|x86.ActiveCfg = Debug|Any CPU
		{778AE239-60C1-4FF0-9B11-7AF0572ECCC5}.Debug|x86.Build.0 = Debug|Any CPU
		{778AE239-60C1-4FF0-9B11-7AF0572ECCC5}.Release|Any CPU.ActiveCfg = Release|Any CPU
		{778AE239-60C1-4FF0-9B11-7AF0572ECCC5}.Release|Any CPU.Build.0 = Release|Any CPU
		{778AE239-60C1-4FF0-9B11-7AF0572ECCC5}.Release|ARM.ActiveCfg = Release|Any CPU
		{778AE239-60C1-4FF0-9B11-7AF0572ECCC5}.Release|ARM.Build.0 = Release|Any CPU
		{778AE239-60C1-4FF0-9B11-7AF0572ECCC5}.Release|iPhone.ActiveCfg = Release|Any CPU
		{778AE239-60C1-4FF0-9B11-7AF0572ECCC5}.Release|iPhone.Build.0 = Release|Any CPU
		{778AE239-60C1-4FF0-9B11-7AF0572ECCC5}.Release|iPhoneSimulator.ActiveCfg = Release|Any CPU
		{778AE239-60C1-4FF0-9B11-7AF0572ECCC5}.Release|iPhoneSimulator.Build.0 = Release|Any CPU
		{778AE239-60C1-4FF0-9B11-7AF0572ECCC5}.Release|x64.ActiveCfg = Release|Any CPU
		{778AE239-60C1-4FF0-9B11-7AF0572ECCC5}.Release|x64.Build.0 = Release|Any CPU
		{778AE239-60C1-4FF0-9B11-7AF0572ECCC5}.Release|x86.ActiveCfg = Release|Any CPU
		{778AE239-60C1-4FF0-9B11-7AF0572ECCC5}.Release|x86.Build.0 = Release|Any CPU
		{EA98FEEB-A660-478D-BD55-998537D74603}.Ad-Hoc|Any CPU.ActiveCfg = Release|x86
		{EA98FEEB-A660-478D-BD55-998537D74603}.Ad-Hoc|Any CPU.Build.0 = Release|x86
		{EA98FEEB-A660-478D-BD55-998537D74603}.Ad-Hoc|Any CPU.Deploy.0 = Release|x86
		{EA98FEEB-A660-478D-BD55-998537D74603}.Ad-Hoc|ARM.ActiveCfg = Release|ARM
		{EA98FEEB-A660-478D-BD55-998537D74603}.Ad-Hoc|ARM.Build.0 = Release|ARM
		{EA98FEEB-A660-478D-BD55-998537D74603}.Ad-Hoc|ARM.Deploy.0 = Release|ARM
		{EA98FEEB-A660-478D-BD55-998537D74603}.Ad-Hoc|iPhone.ActiveCfg = Release|x86
		{EA98FEEB-A660-478D-BD55-998537D74603}.Ad-Hoc|iPhone.Build.0 = Release|x86
		{EA98FEEB-A660-478D-BD55-998537D74603}.Ad-Hoc|iPhone.Deploy.0 = Release|x86
		{EA98FEEB-A660-478D-BD55-998537D74603}.Ad-Hoc|iPhoneSimulator.ActiveCfg = Release|x86
		{EA98FEEB-A660-478D-BD55-998537D74603}.Ad-Hoc|iPhoneSimulator.Build.0 = Release|x86
		{EA98FEEB-A660-478D-BD55-998537D74603}.Ad-Hoc|iPhoneSimulator.Deploy.0 = Release|x86
		{EA98FEEB-A660-478D-BD55-998537D74603}.Ad-Hoc|x64.ActiveCfg = Release|x64
		{EA98FEEB-A660-478D-BD55-998537D74603}.Ad-Hoc|x64.Build.0 = Release|x64
		{EA98FEEB-A660-478D-BD55-998537D74603}.Ad-Hoc|x64.Deploy.0 = Release|x64
		{EA98FEEB-A660-478D-BD55-998537D74603}.Ad-Hoc|x86.ActiveCfg = Release|x86
		{EA98FEEB-A660-478D-BD55-998537D74603}.Ad-Hoc|x86.Build.0 = Release|x86
		{EA98FEEB-A660-478D-BD55-998537D74603}.Ad-Hoc|x86.Deploy.0 = Release|x86
		{EA98FEEB-A660-478D-BD55-998537D74603}.AppStore|Any CPU.ActiveCfg = Release|x86
		{EA98FEEB-A660-478D-BD55-998537D74603}.AppStore|Any CPU.Build.0 = Release|x86
		{EA98FEEB-A660-478D-BD55-998537D74603}.AppStore|Any CPU.Deploy.0 = Release|x86
		{EA98FEEB-A660-478D-BD55-998537D74603}.AppStore|ARM.ActiveCfg = Release|ARM
		{EA98FEEB-A660-478D-BD55-998537D74603}.AppStore|ARM.Build.0 = Release|ARM
		{EA98FEEB-A660-478D-BD55-998537D74603}.AppStore|ARM.Deploy.0 = Release|ARM
		{EA98FEEB-A660-478D-BD55-998537D74603}.AppStore|iPhone.ActiveCfg = Release|x86
		{EA98FEEB-A660-478D-BD55-998537D74603}.AppStore|iPhone.Build.0 = Release|x86
		{EA98FEEB-A660-478D-BD55-998537D74603}.AppStore|iPhone.Deploy.0 = Release|x86
		{EA98FEEB-A660-478D-BD55-998537D74603}.AppStore|iPhoneSimulator.ActiveCfg = Release|x86
		{EA98FEEB-A660-478D-BD55-998537D74603}.AppStore|iPhoneSimulator.Build.0 = Release|x86
		{EA98FEEB-A660-478D-BD55-998537D74603}.AppStore|iPhoneSimulator.Deploy.0 = Release|x86
		{EA98FEEB-A660-478D-BD55-998537D74603}.AppStore|x64.ActiveCfg = Release|x64
		{EA98FEEB-A660-478D-BD55-998537D74603}.AppStore|x64.Build.0 = Release|x64
		{EA98FEEB-A660-478D-BD55-998537D74603}.AppStore|x64.Deploy.0 = Release|x64
		{EA98FEEB-A660-478D-BD55-998537D74603}.AppStore|x86.ActiveCfg = Release|x86
		{EA98FEEB-A660-478D-BD55-998537D74603}.AppStore|x86.Build.0 = Release|x86
		{EA98FEEB-A660-478D-BD55-998537D74603}.AppStore|x86.Deploy.0 = Release|x86
		{EA98FEEB-A660-478D-BD55-998537D74603}.Debug|Any CPU.ActiveCfg = Debug|x86
		{EA98FEEB-A660-478D-BD55-998537D74603}.Debug|ARM.ActiveCfg = Debug|ARM
		{EA98FEEB-A660-478D-BD55-998537D74603}.Debug|ARM.Build.0 = Debug|ARM
		{EA98FEEB-A660-478D-BD55-998537D74603}.Debug|ARM.Deploy.0 = Debug|ARM
		{EA98FEEB-A660-478D-BD55-998537D74603}.Debug|iPhone.ActiveCfg = Debug|x86
		{EA98FEEB-A660-478D-BD55-998537D74603}.Debug|iPhoneSimulator.ActiveCfg = Debug|x86
		{EA98FEEB-A660-478D-BD55-998537D74603}.Debug|x64.ActiveCfg = Debug|x64
		{EA98FEEB-A660-478D-BD55-998537D74603}.Debug|x64.Build.0 = Debug|x64
		{EA98FEEB-A660-478D-BD55-998537D74603}.Debug|x64.Deploy.0 = Debug|x64
		{EA98FEEB-A660-478D-BD55-998537D74603}.Debug|x86.ActiveCfg = Debug|x86
		{EA98FEEB-A660-478D-BD55-998537D74603}.Debug|x86.Build.0 = Debug|x86
		{EA98FEEB-A660-478D-BD55-998537D74603}.Debug|x86.Deploy.0 = Debug|x86
		{EA98FEEB-A660-478D-BD55-998537D74603}.Release|Any CPU.ActiveCfg = Release|x86
		{EA98FEEB-A660-478D-BD55-998537D74603}.Release|ARM.ActiveCfg = Release|ARM
		{EA98FEEB-A660-478D-BD55-998537D74603}.Release|ARM.Build.0 = Release|ARM
		{EA98FEEB-A660-478D-BD55-998537D74603}.Release|ARM.Deploy.0 = Release|ARM
		{EA98FEEB-A660-478D-BD55-998537D74603}.Release|iPhone.ActiveCfg = Release|x86
		{EA98FEEB-A660-478D-BD55-998537D74603}.Release|iPhoneSimulator.ActiveCfg = Release|x86
		{EA98FEEB-A660-478D-BD55-998537D74603}.Release|x64.ActiveCfg = Release|x64
		{EA98FEEB-A660-478D-BD55-998537D74603}.Release|x64.Build.0 = Release|x64
		{EA98FEEB-A660-478D-BD55-998537D74603}.Release|x64.Deploy.0 = Release|x64
		{EA98FEEB-A660-478D-BD55-998537D74603}.Release|x86.ActiveCfg = Release|x86
		{EA98FEEB-A660-478D-BD55-998537D74603}.Release|x86.Build.0 = Release|x86
		{EA98FEEB-A660-478D-BD55-998537D74603}.Release|x86.Deploy.0 = Release|x86
		{362CDBA9-F557-4AC1-BA87-9130AE878E3C}.Ad-Hoc|Any CPU.ActiveCfg = Ad-Hoc|iPhoneSimulator
		{362CDBA9-F557-4AC1-BA87-9130AE878E3C}.Ad-Hoc|ARM.ActiveCfg = Ad-Hoc|iPhone
		{362CDBA9-F557-4AC1-BA87-9130AE878E3C}.Ad-Hoc|iPhone.ActiveCfg = Ad-Hoc|iPhone
		{362CDBA9-F557-4AC1-BA87-9130AE878E3C}.Ad-Hoc|iPhone.Build.0 = Ad-Hoc|iPhone
		{362CDBA9-F557-4AC1-BA87-9130AE878E3C}.Ad-Hoc|iPhoneSimulator.ActiveCfg = Ad-Hoc|iPhoneSimulator
		{362CDBA9-F557-4AC1-BA87-9130AE878E3C}.Ad-Hoc|iPhoneSimulator.Build.0 = Ad-Hoc|iPhoneSimulator
		{362CDBA9-F557-4AC1-BA87-9130AE878E3C}.Ad-Hoc|x64.ActiveCfg = Ad-Hoc|iPhone
		{362CDBA9-F557-4AC1-BA87-9130AE878E3C}.Ad-Hoc|x86.ActiveCfg = Ad-Hoc|iPhone
		{362CDBA9-F557-4AC1-BA87-9130AE878E3C}.AppStore|Any CPU.ActiveCfg = AppStore|iPhoneSimulator
		{362CDBA9-F557-4AC1-BA87-9130AE878E3C}.AppStore|ARM.ActiveCfg = AppStore|iPhone
		{362CDBA9-F557-4AC1-BA87-9130AE878E3C}.AppStore|iPhone.ActiveCfg = AppStore|iPhone
		{362CDBA9-F557-4AC1-BA87-9130AE878E3C}.AppStore|iPhone.Build.0 = AppStore|iPhone
		{362CDBA9-F557-4AC1-BA87-9130AE878E3C}.AppStore|iPhoneSimulator.ActiveCfg = AppStore|iPhoneSimulator
		{362CDBA9-F557-4AC1-BA87-9130AE878E3C}.AppStore|iPhoneSimulator.Build.0 = AppStore|iPhoneSimulator
		{362CDBA9-F557-4AC1-BA87-9130AE878E3C}.AppStore|x64.ActiveCfg = AppStore|iPhone
		{362CDBA9-F557-4AC1-BA87-9130AE878E3C}.AppStore|x86.ActiveCfg = AppStore|iPhone
		{362CDBA9-F557-4AC1-BA87-9130AE878E3C}.Debug|Any CPU.ActiveCfg = Debug|iPhoneSimulator
		{362CDBA9-F557-4AC1-BA87-9130AE878E3C}.Debug|ARM.ActiveCfg = Debug|iPhone
		{362CDBA9-F557-4AC1-BA87-9130AE878E3C}.Debug|iPhone.ActiveCfg = Debug|iPhone
		{362CDBA9-F557-4AC1-BA87-9130AE878E3C}.Debug|iPhone.Build.0 = Debug|iPhone
		{362CDBA9-F557-4AC1-BA87-9130AE878E3C}.Debug|iPhoneSimulator.ActiveCfg = Debug|iPhoneSimulator
		{362CDBA9-F557-4AC1-BA87-9130AE878E3C}.Debug|iPhoneSimulator.Build.0 = Debug|iPhoneSimulator
		{362CDBA9-F557-4AC1-BA87-9130AE878E3C}.Debug|x64.ActiveCfg = Debug|iPhone
		{362CDBA9-F557-4AC1-BA87-9130AE878E3C}.Debug|x86.ActiveCfg = Debug|iPhone
		{362CDBA9-F557-4AC1-BA87-9130AE878E3C}.Release|Any CPU.ActiveCfg = Release|iPhoneSimulator
		{362CDBA9-F557-4AC1-BA87-9130AE878E3C}.Release|ARM.ActiveCfg = Release|iPhone
		{362CDBA9-F557-4AC1-BA87-9130AE878E3C}.Release|iPhone.ActiveCfg = Release|iPhone
		{362CDBA9-F557-4AC1-BA87-9130AE878E3C}.Release|iPhone.Build.0 = Release|iPhone
		{362CDBA9-F557-4AC1-BA87-9130AE878E3C}.Release|iPhoneSimulator.ActiveCfg = Release|iPhoneSimulator
		{362CDBA9-F557-4AC1-BA87-9130AE878E3C}.Release|iPhoneSimulator.Build.0 = Release|iPhoneSimulator
		{362CDBA9-F557-4AC1-BA87-9130AE878E3C}.Release|x64.ActiveCfg = Release|iPhone
		{362CDBA9-F557-4AC1-BA87-9130AE878E3C}.Release|x86.ActiveCfg = Release|iPhone
		{ABF08638-282E-4AE7-A870-07641F91E02B}.Ad-Hoc|Any CPU.ActiveCfg = Debug|Any CPU
		{ABF08638-282E-4AE7-A870-07641F91E02B}.Ad-Hoc|Any CPU.Build.0 = Debug|Any CPU
		{ABF08638-282E-4AE7-A870-07641F91E02B}.Ad-Hoc|ARM.ActiveCfg = Debug|Any CPU
		{ABF08638-282E-4AE7-A870-07641F91E02B}.Ad-Hoc|ARM.Build.0 = Debug|Any CPU
		{ABF08638-282E-4AE7-A870-07641F91E02B}.Ad-Hoc|iPhone.ActiveCfg = Debug|Any CPU
		{ABF08638-282E-4AE7-A870-07641F91E02B}.Ad-Hoc|iPhone.Build.0 = Debug|Any CPU
		{ABF08638-282E-4AE7-A870-07641F91E02B}.Ad-Hoc|iPhoneSimulator.ActiveCfg = Debug|Any CPU
		{ABF08638-282E-4AE7-A870-07641F91E02B}.Ad-Hoc|iPhoneSimulator.Build.0 = Debug|Any CPU
		{ABF08638-282E-4AE7-A870-07641F91E02B}.Ad-Hoc|x64.ActiveCfg = Debug|Any CPU
		{ABF08638-282E-4AE7-A870-07641F91E02B}.Ad-Hoc|x64.Build.0 = Debug|Any CPU
		{ABF08638-282E-4AE7-A870-07641F91E02B}.Ad-Hoc|x86.ActiveCfg = Debug|Any CPU
		{ABF08638-282E-4AE7-A870-07641F91E02B}.Ad-Hoc|x86.Build.0 = Debug|Any CPU
		{ABF08638-282E-4AE7-A870-07641F91E02B}.AppStore|Any CPU.ActiveCfg = Debug|Any CPU
		{ABF08638-282E-4AE7-A870-07641F91E02B}.AppStore|Any CPU.Build.0 = Debug|Any CPU
		{ABF08638-282E-4AE7-A870-07641F91E02B}.AppStore|ARM.ActiveCfg = Debug|Any CPU
		{ABF08638-282E-4AE7-A870-07641F91E02B}.AppStore|ARM.Build.0 = Debug|Any CPU
		{ABF08638-282E-4AE7-A870-07641F91E02B}.AppStore|iPhone.ActiveCfg = Debug|Any CPU
		{ABF08638-282E-4AE7-A870-07641F91E02B}.AppStore|iPhone.Build.0 = Debug|Any CPU
		{ABF08638-282E-4AE7-A870-07641F91E02B}.AppStore|iPhoneSimulator.ActiveCfg = Debug|Any CPU
		{ABF08638-282E-4AE7-A870-07641F91E02B}.AppStore|iPhoneSimulator.Build.0 = Debug|Any CPU
		{ABF08638-282E-4AE7-A870-07641F91E02B}.AppStore|x64.ActiveCfg = Debug|Any CPU
		{ABF08638-282E-4AE7-A870-07641F91E02B}.AppStore|x64.Build.0 = Debug|Any CPU
		{ABF08638-282E-4AE7-A870-07641F91E02B}.AppStore|x86.ActiveCfg = Debug|Any CPU
		{ABF08638-282E-4AE7-A870-07641F91E02B}.AppStore|x86.Build.0 = Debug|Any CPU
		{ABF08638-282E-4AE7-A870-07641F91E02B}.Debug|Any CPU.ActiveCfg = Debug|Any CPU
		{ABF08638-282E-4AE7-A870-07641F91E02B}.Debug|Any CPU.Build.0 = Debug|Any CPU
		{ABF08638-282E-4AE7-A870-07641F91E02B}.Debug|ARM.ActiveCfg = Debug|Any CPU
		{ABF08638-282E-4AE7-A870-07641F91E02B}.Debug|ARM.Build.0 = Debug|Any CPU
		{ABF08638-282E-4AE7-A870-07641F91E02B}.Debug|iPhone.ActiveCfg = Debug|Any CPU
		{ABF08638-282E-4AE7-A870-07641F91E02B}.Debug|iPhone.Build.0 = Debug|Any CPU
		{ABF08638-282E-4AE7-A870-07641F91E02B}.Debug|iPhoneSimulator.ActiveCfg = Debug|Any CPU
		{ABF08638-282E-4AE7-A870-07641F91E02B}.Debug|iPhoneSimulator.Build.0 = Debug|Any CPU
		{ABF08638-282E-4AE7-A870-07641F91E02B}.Debug|x64.ActiveCfg = Debug|Any CPU
		{ABF08638-282E-4AE7-A870-07641F91E02B}.Debug|x64.Build.0 = Debug|Any CPU
		{ABF08638-282E-4AE7-A870-07641F91E02B}.Debug|x86.ActiveCfg = Debug|Any CPU
		{ABF08638-282E-4AE7-A870-07641F91E02B}.Debug|x86.Build.0 = Debug|Any CPU
		{ABF08638-282E-4AE7-A870-07641F91E02B}.Release|Any CPU.ActiveCfg = Debug|Any CPU
		{ABF08638-282E-4AE7-A870-07641F91E02B}.Release|Any CPU.Build.0 = Debug|Any CPU
		{ABF08638-282E-4AE7-A870-07641F91E02B}.Release|ARM.ActiveCfg = Debug|Any CPU
		{ABF08638-282E-4AE7-A870-07641F91E02B}.Release|ARM.Build.0 = Debug|Any CPU
		{ABF08638-282E-4AE7-A870-07641F91E02B}.Release|iPhone.ActiveCfg = Debug|Any CPU
		{ABF08638-282E-4AE7-A870-07641F91E02B}.Release|iPhone.Build.0 = Debug|Any CPU
		{ABF08638-282E-4AE7-A870-07641F91E02B}.Release|iPhoneSimulator.ActiveCfg = Debug|Any CPU
		{ABF08638-282E-4AE7-A870-07641F91E02B}.Release|iPhoneSimulator.Build.0 = Debug|Any CPU
		{ABF08638-282E-4AE7-A870-07641F91E02B}.Release|x64.ActiveCfg = Debug|Any CPU
		{ABF08638-282E-4AE7-A870-07641F91E02B}.Release|x64.Build.0 = Debug|Any CPU
		{ABF08638-282E-4AE7-A870-07641F91E02B}.Release|x86.ActiveCfg = Debug|Any CPU
		{ABF08638-282E-4AE7-A870-07641F91E02B}.Release|x86.Build.0 = Debug|Any CPU
	EndGlobalSection
	GlobalSection(SolutionProperties) = preSolution
		HideSolutionNode = FALSE
	EndGlobalSection
	GlobalSection(ExtensibilityGlobals) = postSolution
		SolutionGuid = {DF54B4ED-7E2C-49A0-B05A-C2931EF09024}
	EndGlobalSection
EndGlobal
